
Microsoft Visual Studio Solution File, Format Version 12.00
# Visual Studio 14
VisualStudioVersion = 14.0.25420.1
MinimumVisualStudioVersion = 10.0.40219.1
Project("{FAE04EC0-301F-11D3-BF4B-00C04F79EFBC}") = "developer.open.space.Clients.Views", "Shared\developer.open.space.Clients.Views\developer.open.space.Clients.Views.csproj", "{CC5E3E89-05F3-4FD0-876B-AB385DEB8318}"
EndProject
Project("{FAE04EC0-301F-11D3-BF4B-00C04F79EFBC}") = "developer.open.space.Droid", "Targets\developer.open.space.Droid\developer.open.space.Droid.csproj", "{6753E63F-AF10-45CA-A562-EE791807F74C}"
EndProject
Project("{FAE04EC0-301F-11D3-BF4B-00C04F79EFBC}") = "developer.open.space.iOS", "Targets\developer.open.space.iOS\developer.open.space.iOS.csproj", "{926C2C24-BEAF-4D1A-B0D2-5139AC203333}"
EndProject
Project("{FAE04EC0-301F-11D3-BF4B-00C04F79EFBC}") = "developer.open.space.WinPhone", "Targets\developer.open.space.WinPhone\developer.open.space.WinPhone.csproj", "{FAAF83F4-6500-4F12-89ED-AF3B33800135}"
EndProject
Project("{FAE04EC0-301F-11D3-BF4B-00C04F79EFBC}") = "developer.open.space.UWP", "Targets\developer.open.space.UWP\developer.open.space.UWP.csproj", "{A69802BC-EB81-40E7-A9EB-614F5EB8BE5E}"
EndProject
Project("{FAE04EC0-301F-11D3-BF4B-00C04F79EFBC}") = "developer.open.space.Windows", "Targets\developer.open.space.Windows\developer.open.space.Windows.csproj", "{E72088FA-CAFF-40E2-8EA2-046FDCE413EE}"
EndProject
Project("{2150E333-8FDC-42A3-9474-1A3956D46DE8}") = "Shared", "Shared", "{63AD91BB-2DA0-494C-A101-A15E33E759A2}"
EndProject
Project("{FAE04EC0-301F-11D3-BF4B-00C04F79EFBC}") = "developer.open.space.Clients.ViewModels", "Shared\developer.open.space.Clients.ViewModels\developer.open.space.Clients.ViewModels.csproj", "{7391DB8F-4E66-4C89-83FA-090004F4DD91}"
EndProject
Project("{2150E333-8FDC-42A3-9474-1A3956D46DE8}") = "Targets", "Targets", "{0DA534AB-81DD-4C5E-ADF3-FDE60227E24F}"
EndProject
Project("{2150E333-8FDC-42A3-9474-1A3956D46DE8}") = "Backend", "Backend", "{31E5BD88-AE2C-411C-91D0-69706FBE514D}"
EndProject
Project("{FAE04EC0-301F-11D3-BF4B-00C04F79EFBC}") = "developer.open.space.DataStore.Abstractions", "Backend\developer.open.space.DataStore.Abstractions\developer.open.space.DataStore.Abstractions.csproj", "{D9ADD937-65A6-40E3-8864-DAA03C61D82E}"
EndProject
Project("{FAE04EC0-301F-11D3-BF4B-00C04F79EFBC}") = "developer.open.space.Utils", "Shared\developer.open.space.Utils\developer.open.space.Utils.csproj", "{53058C17-ACE3-4D60-945E-E1AE3BD8B4F6}"
EndProject
Project("{FAE04EC0-301F-11D3-BF4B-00C04F79EFBC}") = "developer.open.space.DataStore.Azure", "Backend\developer.open.space.DataStore.Azure\developer.open.space.DataStore.Azure.csproj", "{25A3EB98-D6F4-46E6-A56D-001BBE3AA684}"
EndProject
Project("{FAE04EC0-301F-11D3-BF4B-00C04F79EFBC}") = "developer.open.space.DataStore.Mock", "Backend\developer.open.space.DataStore.Mock\developer.open.space.DataStore.Mock.csproj", "{2A6BB059-A559-475E-B253-68B147A82A34}"
EndProject
Project("{FAE04EC0-301F-11D3-BF4B-00C04F79EFBC}") = "developer.open.space.Clients.Application", "Shared\developer.open.space.Clients.Application\developer.open.space.Clients.Application.csproj", "{7C4BE87F-DEDA-4FC2-8B7F-265109E4903E}"
EndProject
Global
	GlobalSection(SolutionConfigurationPlatforms) = preSolution
		Ad-Hoc|Any CPU = Ad-Hoc|Any CPU
		Ad-Hoc|ARM = Ad-Hoc|ARM
		Ad-Hoc|iPhone = Ad-Hoc|iPhone
		Ad-Hoc|iPhoneSimulator = Ad-Hoc|iPhoneSimulator
		Ad-Hoc|x64 = Ad-Hoc|x64
		Ad-Hoc|x86 = Ad-Hoc|x86
		AppStore|Any CPU = AppStore|Any CPU
		AppStore|ARM = AppStore|ARM
		AppStore|iPhone = AppStore|iPhone
		AppStore|iPhoneSimulator = AppStore|iPhoneSimulator
		AppStore|x64 = AppStore|x64
		AppStore|x86 = AppStore|x86
		Debug|Any CPU = Debug|Any CPU
		Debug|ARM = Debug|ARM
		Debug|iPhone = Debug|iPhone
		Debug|iPhoneSimulator = Debug|iPhoneSimulator
		Debug|x64 = Debug|x64
		Debug|x86 = Debug|x86
		Release|Any CPU = Release|Any CPU
		Release|ARM = Release|ARM
		Release|iPhone = Release|iPhone
		Release|iPhoneSimulator = Release|iPhoneSimulator
		Release|x64 = Release|x64
		Release|x86 = Release|x86
	EndGlobalSection
	GlobalSection(ProjectConfigurationPlatforms) = postSolution
		{CC5E3E89-05F3-4FD0-876B-AB385DEB8318}.Ad-Hoc|Any CPU.ActiveCfg = Release|Any CPU
		{CC5E3E89-05F3-4FD0-876B-AB385DEB8318}.Ad-Hoc|Any CPU.Build.0 = Release|Any CPU
		{CC5E3E89-05F3-4FD0-876B-AB385DEB8318}.Ad-Hoc|ARM.ActiveCfg = Release|Any CPU
		{CC5E3E89-05F3-4FD0-876B-AB385DEB8318}.Ad-Hoc|ARM.Build.0 = Release|Any CPU
		{CC5E3E89-05F3-4FD0-876B-AB385DEB8318}.Ad-Hoc|iPhone.ActiveCfg = Release|Any CPU
		{CC5E3E89-05F3-4FD0-876B-AB385DEB8318}.Ad-Hoc|iPhone.Build.0 = Release|Any CPU
		{CC5E3E89-05F3-4FD0-876B-AB385DEB8318}.Ad-Hoc|iPhoneSimulator.ActiveCfg = Release|Any CPU
		{CC5E3E89-05F3-4FD0-876B-AB385DEB8318}.Ad-Hoc|iPhoneSimulator.Build.0 = Release|Any CPU
		{CC5E3E89-05F3-4FD0-876B-AB385DEB8318}.Ad-Hoc|x64.ActiveCfg = Release|Any CPU
		{CC5E3E89-05F3-4FD0-876B-AB385DEB8318}.Ad-Hoc|x64.Build.0 = Release|Any CPU
		{CC5E3E89-05F3-4FD0-876B-AB385DEB8318}.Ad-Hoc|x86.ActiveCfg = Release|Any CPU
		{CC5E3E89-05F3-4FD0-876B-AB385DEB8318}.Ad-Hoc|x86.Build.0 = Release|Any CPU
		{CC5E3E89-05F3-4FD0-876B-AB385DEB8318}.AppStore|Any CPU.ActiveCfg = Release|Any CPU
		{CC5E3E89-05F3-4FD0-876B-AB385DEB8318}.AppStore|Any CPU.Build.0 = Release|Any CPU
		{CC5E3E89-05F3-4FD0-876B-AB385DEB8318}.AppStore|ARM.ActiveCfg = Release|Any CPU
		{CC5E3E89-05F3-4FD0-876B-AB385DEB8318}.AppStore|ARM.Build.0 = Release|Any CPU
		{CC5E3E89-05F3-4FD0-876B-AB385DEB8318}.AppStore|iPhone.ActiveCfg = Release|Any CPU
		{CC5E3E89-05F3-4FD0-876B-AB385DEB8318}.AppStore|iPhone.Build.0 = Release|Any CPU
		{CC5E3E89-05F3-4FD0-876B-AB385DEB8318}.AppStore|iPhoneSimulator.ActiveCfg = Release|Any CPU
		{CC5E3E89-05F3-4FD0-876B-AB385DEB8318}.AppStore|iPhoneSimulator.Build.0 = Release|Any CPU
		{CC5E3E89-05F3-4FD0-876B-AB385DEB8318}.AppStore|x64.ActiveCfg = Release|Any CPU
		{CC5E3E89-05F3-4FD0-876B-AB385DEB8318}.AppStore|x64.Build.0 = Release|Any CPU
		{CC5E3E89-05F3-4FD0-876B-AB385DEB8318}.AppStore|x86.ActiveCfg = Release|Any CPU
		{CC5E3E89-05F3-4FD0-876B-AB385DEB8318}.AppStore|x86.Build.0 = Release|Any CPU
		{CC5E3E89-05F3-4FD0-876B-AB385DEB8318}.Debug|Any CPU.ActiveCfg = Debug|Any CPU
		{CC5E3E89-05F3-4FD0-876B-AB385DEB8318}.Debug|Any CPU.Build.0 = Debug|Any CPU
		{CC5E3E89-05F3-4FD0-876B-AB385DEB8318}.Debug|ARM.ActiveCfg = Debug|Any CPU
		{CC5E3E89-05F3-4FD0-876B-AB385DEB8318}.Debug|ARM.Build.0 = Debug|Any CPU
		{CC5E3E89-05F3-4FD0-876B-AB385DEB8318}.Debug|iPhone.ActiveCfg = Debug|Any CPU
		{CC5E3E89-05F3-4FD0-876B-AB385DEB8318}.Debug|iPhone.Build.0 = Debug|Any CPU
		{CC5E3E89-05F3-4FD0-876B-AB385DEB8318}.Debug|iPhoneSimulator.ActiveCfg = Debug|Any CPU
		{CC5E3E89-05F3-4FD0-876B-AB385DEB8318}.Debug|iPhoneSimulator.Build.0 = Debug|Any CPU
		{CC5E3E89-05F3-4FD0-876B-AB385DEB8318}.Debug|x64.ActiveCfg = Debug|Any CPU
		{CC5E3E89-05F3-4FD0-876B-AB385DEB8318}.Debug|x64.Build.0 = Debug|Any CPU
		{CC5E3E89-05F3-4FD0-876B-AB385DEB8318}.Debug|x86.ActiveCfg = Debug|Any CPU
		{CC5E3E89-05F3-4FD0-876B-AB385DEB8318}.Debug|x86.Build.0 = Debug|Any CPU
		{CC5E3E89-05F3-4FD0-876B-AB385DEB8318}.Release|Any CPU.ActiveCfg = Release|Any CPU
		{CC5E3E89-05F3-4FD0-876B-AB385DEB8318}.Release|Any CPU.Build.0 = Release|Any CPU
		{CC5E3E89-05F3-4FD0-876B-AB385DEB8318}.Release|ARM.ActiveCfg = Release|Any CPU
		{CC5E3E89-05F3-4FD0-876B-AB385DEB8318}.Release|ARM.Build.0 = Release|Any CPU
		{CC5E3E89-05F3-4FD0-876B-AB385DEB8318}.Release|iPhone.ActiveCfg = Release|Any CPU
		{CC5E3E89-05F3-4FD0-876B-AB385DEB8318}.Release|iPhone.Build.0 = Release|Any CPU
		{CC5E3E89-05F3-4FD0-876B-AB385DEB8318}.Release|iPhoneSimulator.ActiveCfg = Release|Any CPU
		{CC5E3E89-05F3-4FD0-876B-AB385DEB8318}.Release|iPhoneSimulator.Build.0 = Release|Any CPU
		{CC5E3E89-05F3-4FD0-876B-AB385DEB8318}.Release|x64.ActiveCfg = Release|Any CPU
		{CC5E3E89-05F3-4FD0-876B-AB385DEB8318}.Release|x64.Build.0 = Release|Any CPU
		{CC5E3E89-05F3-4FD0-876B-AB385DEB8318}.Release|x86.ActiveCfg = Release|Any CPU
		{CC5E3E89-05F3-4FD0-876B-AB385DEB8318}.Release|x86.Build.0 = Release|Any CPU
		{6753E63F-AF10-45CA-A562-EE791807F74C}.Ad-Hoc|Any CPU.ActiveCfg = Release|Any CPU
		{6753E63F-AF10-45CA-A562-EE791807F74C}.Ad-Hoc|Any CPU.Build.0 = Release|Any CPU
		{6753E63F-AF10-45CA-A562-EE791807F74C}.Ad-Hoc|Any CPU.Deploy.0 = Release|Any CPU
		{6753E63F-AF10-45CA-A562-EE791807F74C}.Ad-Hoc|ARM.ActiveCfg = Release|Any CPU
		{6753E63F-AF10-45CA-A562-EE791807F74C}.Ad-Hoc|ARM.Build.0 = Release|Any CPU
		{6753E63F-AF10-45CA-A562-EE791807F74C}.Ad-Hoc|ARM.Deploy.0 = Release|Any CPU
		{6753E63F-AF10-45CA-A562-EE791807F74C}.Ad-Hoc|iPhone.ActiveCfg = Release|Any CPU
		{6753E63F-AF10-45CA-A562-EE791807F74C}.Ad-Hoc|iPhone.Build.0 = Release|Any CPU
		{6753E63F-AF10-45CA-A562-EE791807F74C}.Ad-Hoc|iPhone.Deploy.0 = Release|Any CPU
		{6753E63F-AF10-45CA-A562-EE791807F74C}.Ad-Hoc|iPhoneSimulator.ActiveCfg = Release|Any CPU
		{6753E63F-AF10-45CA-A562-EE791807F74C}.Ad-Hoc|iPhoneSimulator.Build.0 = Release|Any CPU
		{6753E63F-AF10-45CA-A562-EE791807F74C}.Ad-Hoc|iPhoneSimulator.Deploy.0 = Release|Any CPU
		{6753E63F-AF10-45CA-A562-EE791807F74C}.Ad-Hoc|x64.ActiveCfg = Release|Any CPU
		{6753E63F-AF10-45CA-A562-EE791807F74C}.Ad-Hoc|x64.Build.0 = Release|Any CPU
		{6753E63F-AF10-45CA-A562-EE791807F74C}.Ad-Hoc|x64.Deploy.0 = Release|Any CPU
		{6753E63F-AF10-45CA-A562-EE791807F74C}.Ad-Hoc|x86.ActiveCfg = Release|Any CPU
		{6753E63F-AF10-45CA-A562-EE791807F74C}.Ad-Hoc|x86.Build.0 = Release|Any CPU
		{6753E63F-AF10-45CA-A562-EE791807F74C}.Ad-Hoc|x86.Deploy.0 = Release|Any CPU
		{6753E63F-AF10-45CA-A562-EE791807F74C}.AppStore|Any CPU.ActiveCfg = Release|Any CPU
		{6753E63F-AF10-45CA-A562-EE791807F74C}.AppStore|Any CPU.Build.0 = Release|Any CPU
		{6753E63F-AF10-45CA-A562-EE791807F74C}.AppStore|Any CPU.Deploy.0 = Release|Any CPU
		{6753E63F-AF10-45CA-A562-EE791807F74C}.AppStore|ARM.ActiveCfg = Release|Any CPU
		{6753E63F-AF10-45CA-A562-EE791807F74C}.AppStore|ARM.Build.0 = Release|Any CPU
		{6753E63F-AF10-45CA-A562-EE791807F74C}.AppStore|ARM.Deploy.0 = Release|Any CPU
		{6753E63F-AF10-45CA-A562-EE791807F74C}.AppStore|iPhone.ActiveCfg = Release|Any CPU
		{6753E63F-AF10-45CA-A562-EE791807F74C}.AppStore|iPhone.Build.0 = Release|Any CPU
		{6753E63F-AF10-45CA-A562-EE791807F74C}.AppStore|iPhone.Deploy.0 = Release|Any CPU
		{6753E63F-AF10-45CA-A562-EE791807F74C}.AppStore|iPhoneSimulator.ActiveCfg = Release|Any CPU
		{6753E63F-AF10-45CA-A562-EE791807F74C}.AppStore|iPhoneSimulator.Build.0 = Release|Any CPU
		{6753E63F-AF10-45CA-A562-EE791807F74C}.AppStore|iPhoneSimulator.Deploy.0 = Release|Any CPU
		{6753E63F-AF10-45CA-A562-EE791807F74C}.AppStore|x64.ActiveCfg = Release|Any CPU
		{6753E63F-AF10-45CA-A562-EE791807F74C}.AppStore|x64.Build.0 = Release|Any CPU
		{6753E63F-AF10-45CA-A562-EE791807F74C}.AppStore|x64.Deploy.0 = Release|Any CPU
		{6753E63F-AF10-45CA-A562-EE791807F74C}.AppStore|x86.ActiveCfg = Release|Any CPU
		{6753E63F-AF10-45CA-A562-EE791807F74C}.AppStore|x86.Build.0 = Release|Any CPU
		{6753E63F-AF10-45CA-A562-EE791807F74C}.AppStore|x86.Deploy.0 = Release|Any CPU
		{6753E63F-AF10-45CA-A562-EE791807F74C}.Debug|Any CPU.ActiveCfg = Debug|Any CPU
		{6753E63F-AF10-45CA-A562-EE791807F74C}.Debug|Any CPU.Build.0 = Debug|Any CPU
		{6753E63F-AF10-45CA-A562-EE791807F74C}.Debug|Any CPU.Deploy.0 = Debug|Any CPU
		{6753E63F-AF10-45CA-A562-EE791807F74C}.Debug|ARM.ActiveCfg = Debug|Any CPU
		{6753E63F-AF10-45CA-A562-EE791807F74C}.Debug|ARM.Build.0 = Debug|Any CPU
		{6753E63F-AF10-45CA-A562-EE791807F74C}.Debug|ARM.Deploy.0 = Debug|Any CPU
		{6753E63F-AF10-45CA-A562-EE791807F74C}.Debug|iPhone.ActiveCfg = Debug|Any CPU
		{6753E63F-AF10-45CA-A562-EE791807F74C}.Debug|iPhone.Build.0 = Debug|Any CPU
		{6753E63F-AF10-45CA-A562-EE791807F74C}.Debug|iPhone.Deploy.0 = Debug|Any CPU
		{6753E63F-AF10-45CA-A562-EE791807F74C}.Debug|iPhoneSimulator.ActiveCfg = Debug|Any CPU
		{6753E63F-AF10-45CA-A562-EE791807F74C}.Debug|iPhoneSimulator.Build.0 = Debug|Any CPU
		{6753E63F-AF10-45CA-A562-EE791807F74C}.Debug|iPhoneSimulator.Deploy.0 = Debug|Any CPU
		{6753E63F-AF10-45CA-A562-EE791807F74C}.Debug|x64.ActiveCfg = Debug|Any CPU
		{6753E63F-AF10-45CA-A562-EE791807F74C}.Debug|x64.Build.0 = Debug|Any CPU
		{6753E63F-AF10-45CA-A562-EE791807F74C}.Debug|x64.Deploy.0 = Debug|Any CPU
		{6753E63F-AF10-45CA-A562-EE791807F74C}.Debug|x86.ActiveCfg = Debug|Any CPU
		{6753E63F-AF10-45CA-A562-EE791807F74C}.Debug|x86.Build.0 = Debug|Any CPU
		{6753E63F-AF10-45CA-A562-EE791807F74C}.Debug|x86.Deploy.0 = Debug|Any CPU
		{6753E63F-AF10-45CA-A562-EE791807F74C}.Release|Any CPU.ActiveCfg = Release|Any CPU
		{6753E63F-AF10-45CA-A562-EE791807F74C}.Release|Any CPU.Build.0 = Release|Any CPU
		{6753E63F-AF10-45CA-A562-EE791807F74C}.Release|Any CPU.Deploy.0 = Release|Any CPU
		{6753E63F-AF10-45CA-A562-EE791807F74C}.Release|ARM.ActiveCfg = Release|Any CPU
		{6753E63F-AF10-45CA-A562-EE791807F74C}.Release|ARM.Build.0 = Release|Any CPU
		{6753E63F-AF10-45CA-A562-EE791807F74C}.Release|ARM.Deploy.0 = Release|Any CPU
		{6753E63F-AF10-45CA-A562-EE791807F74C}.Release|iPhone.ActiveCfg = Release|Any CPU
		{6753E63F-AF10-45CA-A562-EE791807F74C}.Release|iPhone.Build.0 = Release|Any CPU
		{6753E63F-AF10-45CA-A562-EE791807F74C}.Release|iPhone.Deploy.0 = Release|Any CPU
		{6753E63F-AF10-45CA-A562-EE791807F74C}.Release|iPhoneSimulator.ActiveCfg = Release|Any CPU
		{6753E63F-AF10-45CA-A562-EE791807F74C}.Release|iPhoneSimulator.Build.0 = Release|Any CPU
		{6753E63F-AF10-45CA-A562-EE791807F74C}.Release|iPhoneSimulator.Deploy.0 = Release|Any CPU
		{6753E63F-AF10-45CA-A562-EE791807F74C}.Release|x64.ActiveCfg = Release|Any CPU
		{6753E63F-AF10-45CA-A562-EE791807F74C}.Release|x64.Build.0 = Release|Any CPU
		{6753E63F-AF10-45CA-A562-EE791807F74C}.Release|x64.Deploy.0 = Release|Any CPU
		{6753E63F-AF10-45CA-A562-EE791807F74C}.Release|x86.ActiveCfg = Release|Any CPU
		{6753E63F-AF10-45CA-A562-EE791807F74C}.Release|x86.Build.0 = Release|Any CPU
		{6753E63F-AF10-45CA-A562-EE791807F74C}.Release|x86.Deploy.0 = Release|Any CPU
		{926C2C24-BEAF-4D1A-B0D2-5139AC203333}.Ad-Hoc|Any CPU.ActiveCfg = Ad-Hoc|iPhone
		{926C2C24-BEAF-4D1A-B0D2-5139AC203333}.Ad-Hoc|ARM.ActiveCfg = Ad-Hoc|iPhone
		{926C2C24-BEAF-4D1A-B0D2-5139AC203333}.Ad-Hoc|iPhone.ActiveCfg = Ad-Hoc|iPhone
		{926C2C24-BEAF-4D1A-B0D2-5139AC203333}.Ad-Hoc|iPhone.Build.0 = Ad-Hoc|iPhone
		{926C2C24-BEAF-4D1A-B0D2-5139AC203333}.Ad-Hoc|iPhoneSimulator.ActiveCfg = Ad-Hoc|iPhoneSimulator
		{926C2C24-BEAF-4D1A-B0D2-5139AC203333}.Ad-Hoc|iPhoneSimulator.Build.0 = Ad-Hoc|iPhoneSimulator
		{926C2C24-BEAF-4D1A-B0D2-5139AC203333}.Ad-Hoc|x64.ActiveCfg = Ad-Hoc|iPhone
		{926C2C24-BEAF-4D1A-B0D2-5139AC203333}.Ad-Hoc|x86.ActiveCfg = Ad-Hoc|iPhone
		{926C2C24-BEAF-4D1A-B0D2-5139AC203333}.AppStore|Any CPU.ActiveCfg = AppStore|iPhone
		{926C2C24-BEAF-4D1A-B0D2-5139AC203333}.AppStore|ARM.ActiveCfg = AppStore|iPhone
		{926C2C24-BEAF-4D1A-B0D2-5139AC203333}.AppStore|iPhone.ActiveCfg = AppStore|iPhone
		{926C2C24-BEAF-4D1A-B0D2-5139AC203333}.AppStore|iPhone.Build.0 = AppStore|iPhone
		{926C2C24-BEAF-4D1A-B0D2-5139AC203333}.AppStore|iPhoneSimulator.ActiveCfg = AppStore|iPhoneSimulator
		{926C2C24-BEAF-4D1A-B0D2-5139AC203333}.AppStore|iPhoneSimulator.Build.0 = AppStore|iPhoneSimulator
		{926C2C24-BEAF-4D1A-B0D2-5139AC203333}.AppStore|x64.ActiveCfg = AppStore|iPhone
		{926C2C24-BEAF-4D1A-B0D2-5139AC203333}.AppStore|x86.ActiveCfg = AppStore|iPhone
		{926C2C24-BEAF-4D1A-B0D2-5139AC203333}.Debug|Any CPU.ActiveCfg = Debug|iPhone
		{926C2C24-BEAF-4D1A-B0D2-5139AC203333}.Debug|ARM.ActiveCfg = Debug|iPhone
		{926C2C24-BEAF-4D1A-B0D2-5139AC203333}.Debug|iPhone.ActiveCfg = Debug|iPhone
		{926C2C24-BEAF-4D1A-B0D2-5139AC203333}.Debug|iPhone.Build.0 = Debug|iPhone
		{926C2C24-BEAF-4D1A-B0D2-5139AC203333}.Debug|iPhoneSimulator.ActiveCfg = Debug|iPhoneSimulator
		{926C2C24-BEAF-4D1A-B0D2-5139AC203333}.Debug|iPhoneSimulator.Build.0 = Debug|iPhoneSimulator
		{926C2C24-BEAF-4D1A-B0D2-5139AC203333}.Debug|x64.ActiveCfg = Debug|iPhone
		{926C2C24-BEAF-4D1A-B0D2-5139AC203333}.Debug|x86.ActiveCfg = Debug|iPhone
		{926C2C24-BEAF-4D1A-B0D2-5139AC203333}.Release|Any CPU.ActiveCfg = Release|iPhone
		{926C2C24-BEAF-4D1A-B0D2-5139AC203333}.Release|ARM.ActiveCfg = Release|iPhone
		{926C2C24-BEAF-4D1A-B0D2-5139AC203333}.Release|iPhone.ActiveCfg = Release|iPhone
		{926C2C24-BEAF-4D1A-B0D2-5139AC203333}.Release|iPhone.Build.0 = Release|iPhone
		{926C2C24-BEAF-4D1A-B0D2-5139AC203333}.Release|iPhoneSimulator.ActiveCfg = Release|iPhoneSimulator
		{926C2C24-BEAF-4D1A-B0D2-5139AC203333}.Release|iPhoneSimulator.Build.0 = Release|iPhoneSimulator
		{926C2C24-BEAF-4D1A-B0D2-5139AC203333}.Release|x64.ActiveCfg = Release|iPhone
		{926C2C24-BEAF-4D1A-B0D2-5139AC203333}.Release|x86.ActiveCfg = Release|iPhone
		{FAAF83F4-6500-4F12-89ED-AF3B33800135}.Ad-Hoc|Any CPU.ActiveCfg = Release|Any CPU
		{FAAF83F4-6500-4F12-89ED-AF3B33800135}.Ad-Hoc|Any CPU.Build.0 = Release|Any CPU
		{FAAF83F4-6500-4F12-89ED-AF3B33800135}.Ad-Hoc|Any CPU.Deploy.0 = Release|Any CPU
		{FAAF83F4-6500-4F12-89ED-AF3B33800135}.Ad-Hoc|ARM.ActiveCfg = Release|ARM
		{FAAF83F4-6500-4F12-89ED-AF3B33800135}.Ad-Hoc|ARM.Build.0 = Release|ARM
		{FAAF83F4-6500-4F12-89ED-AF3B33800135}.Ad-Hoc|ARM.Deploy.0 = Release|ARM
		{FAAF83F4-6500-4F12-89ED-AF3B33800135}.Ad-Hoc|iPhone.ActiveCfg = Release|Any CPU
		{FAAF83F4-6500-4F12-89ED-AF3B33800135}.Ad-Hoc|iPhone.Build.0 = Release|Any CPU
		{FAAF83F4-6500-4F12-89ED-AF3B33800135}.Ad-Hoc|iPhone.Deploy.0 = Release|Any CPU
		{FAAF83F4-6500-4F12-89ED-AF3B33800135}.Ad-Hoc|iPhoneSimulator.ActiveCfg = Release|Any CPU
		{FAAF83F4-6500-4F12-89ED-AF3B33800135}.Ad-Hoc|iPhoneSimulator.Build.0 = Release|Any CPU
		{FAAF83F4-6500-4F12-89ED-AF3B33800135}.Ad-Hoc|iPhoneSimulator.Deploy.0 = Release|Any CPU
		{FAAF83F4-6500-4F12-89ED-AF3B33800135}.Ad-Hoc|x64.ActiveCfg = Release|Any CPU
		{FAAF83F4-6500-4F12-89ED-AF3B33800135}.Ad-Hoc|x64.Build.0 = Release|Any CPU
		{FAAF83F4-6500-4F12-89ED-AF3B33800135}.Ad-Hoc|x64.Deploy.0 = Release|Any CPU
		{FAAF83F4-6500-4F12-89ED-AF3B33800135}.Ad-Hoc|x86.ActiveCfg = Release|x86
		{FAAF83F4-6500-4F12-89ED-AF3B33800135}.Ad-Hoc|x86.Build.0 = Release|x86
		{FAAF83F4-6500-4F12-89ED-AF3B33800135}.Ad-Hoc|x86.Deploy.0 = Release|x86
		{FAAF83F4-6500-4F12-89ED-AF3B33800135}.AppStore|Any CPU.ActiveCfg = Release|Any CPU
		{FAAF83F4-6500-4F12-89ED-AF3B33800135}.AppStore|Any CPU.Build.0 = Release|Any CPU
		{FAAF83F4-6500-4F12-89ED-AF3B33800135}.AppStore|Any CPU.Deploy.0 = Release|Any CPU
		{FAAF83F4-6500-4F12-89ED-AF3B33800135}.AppStore|ARM.ActiveCfg = Release|ARM
		{FAAF83F4-6500-4F12-89ED-AF3B33800135}.AppStore|ARM.Build.0 = Release|ARM
		{FAAF83F4-6500-4F12-89ED-AF3B33800135}.AppStore|ARM.Deploy.0 = Release|ARM
		{FAAF83F4-6500-4F12-89ED-AF3B33800135}.AppStore|iPhone.ActiveCfg = Release|Any CPU
		{FAAF83F4-6500-4F12-89ED-AF3B33800135}.AppStore|iPhone.Build.0 = Release|Any CPU
		{FAAF83F4-6500-4F12-89ED-AF3B33800135}.AppStore|iPhone.Deploy.0 = Release|Any CPU
		{FAAF83F4-6500-4F12-89ED-AF3B33800135}.AppStore|iPhoneSimulator.ActiveCfg = Release|Any CPU
		{FAAF83F4-6500-4F12-89ED-AF3B33800135}.AppStore|iPhoneSimulator.Build.0 = Release|Any CPU
		{FAAF83F4-6500-4F12-89ED-AF3B33800135}.AppStore|iPhoneSimulator.Deploy.0 = Release|Any CPU
		{FAAF83F4-6500-4F12-89ED-AF3B33800135}.AppStore|x64.ActiveCfg = Release|Any CPU
		{FAAF83F4-6500-4F12-89ED-AF3B33800135}.AppStore|x64.Build.0 = Release|Any CPU
		{FAAF83F4-6500-4F12-89ED-AF3B33800135}.AppStore|x64.Deploy.0 = Release|Any CPU
		{FAAF83F4-6500-4F12-89ED-AF3B33800135}.AppStore|x86.ActiveCfg = Release|x86
		{FAAF83F4-6500-4F12-89ED-AF3B33800135}.AppStore|x86.Build.0 = Release|x86
		{FAAF83F4-6500-4F12-89ED-AF3B33800135}.AppStore|x86.Deploy.0 = Release|x86
		{FAAF83F4-6500-4F12-89ED-AF3B33800135}.Debug|Any CPU.ActiveCfg = Debug|Any CPU
		{FAAF83F4-6500-4F12-89ED-AF3B33800135}.Debug|Any CPU.Build.0 = Debug|Any CPU
		{FAAF83F4-6500-4F12-89ED-AF3B33800135}.Debug|Any CPU.Deploy.0 = Debug|Any CPU
		{FAAF83F4-6500-4F12-89ED-AF3B33800135}.Debug|ARM.ActiveCfg = Debug|ARM
		{FAAF83F4-6500-4F12-89ED-AF3B33800135}.Debug|ARM.Build.0 = Debug|ARM
		{FAAF83F4-6500-4F12-89ED-AF3B33800135}.Debug|ARM.Deploy.0 = Debug|ARM
		{FAAF83F4-6500-4F12-89ED-AF3B33800135}.Debug|iPhone.ActiveCfg = Debug|Any CPU
		{FAAF83F4-6500-4F12-89ED-AF3B33800135}.Debug|iPhone.Build.0 = Debug|Any CPU
		{FAAF83F4-6500-4F12-89ED-AF3B33800135}.Debug|iPhone.Deploy.0 = Debug|Any CPU
		{FAAF83F4-6500-4F12-89ED-AF3B33800135}.Debug|iPhoneSimulator.ActiveCfg = Debug|Any CPU
		{FAAF83F4-6500-4F12-89ED-AF3B33800135}.Debug|iPhoneSimulator.Build.0 = Debug|Any CPU
		{FAAF83F4-6500-4F12-89ED-AF3B33800135}.Debug|iPhoneSimulator.Deploy.0 = Debug|Any CPU
		{FAAF83F4-6500-4F12-89ED-AF3B33800135}.Debug|x64.ActiveCfg = Debug|Any CPU
		{FAAF83F4-6500-4F12-89ED-AF3B33800135}.Debug|x64.Build.0 = Debug|Any CPU
		{FAAF83F4-6500-4F12-89ED-AF3B33800135}.Debug|x64.Deploy.0 = Debug|Any CPU
		{FAAF83F4-6500-4F12-89ED-AF3B33800135}.Debug|x86.ActiveCfg = Debug|x86
		{FAAF83F4-6500-4F12-89ED-AF3B33800135}.Debug|x86.Build.0 = Debug|x86
		{FAAF83F4-6500-4F12-89ED-AF3B33800135}.Debug|x86.Deploy.0 = Debug|x86
		{FAAF83F4-6500-4F12-89ED-AF3B33800135}.Release|Any CPU.ActiveCfg = Release|Any CPU
		{FAAF83F4-6500-4F12-89ED-AF3B33800135}.Release|Any CPU.Build.0 = Release|Any CPU
		{FAAF83F4-6500-4F12-89ED-AF3B33800135}.Release|Any CPU.Deploy.0 = Release|Any CPU
		{FAAF83F4-6500-4F12-89ED-AF3B33800135}.Release|ARM.ActiveCfg = Release|ARM
		{FAAF83F4-6500-4F12-89ED-AF3B33800135}.Release|ARM.Build.0 = Release|ARM
		{FAAF83F4-6500-4F12-89ED-AF3B33800135}.Release|ARM.Deploy.0 = Release|ARM
		{FAAF83F4-6500-4F12-89ED-AF3B33800135}.Release|iPhone.ActiveCfg = Release|Any CPU
		{FAAF83F4-6500-4F12-89ED-AF3B33800135}.Release|iPhone.Build.0 = Release|Any CPU
		{FAAF83F4-6500-4F12-89ED-AF3B33800135}.Release|iPhone.Deploy.0 = Release|Any CPU
		{FAAF83F4-6500-4F12-89ED-AF3B33800135}.Release|iPhoneSimulator.ActiveCfg = Release|Any CPU
		{FAAF83F4-6500-4F12-89ED-AF3B33800135}.Release|iPhoneSimulator.Build.0 = Release|Any CPU
		{FAAF83F4-6500-4F12-89ED-AF3B33800135}.Release|iPhoneSimulator.Deploy.0 = Release|Any CPU
		{FAAF83F4-6500-4F12-89ED-AF3B33800135}.Release|x64.ActiveCfg = Release|Any CPU
		{FAAF83F4-6500-4F12-89ED-AF3B33800135}.Release|x64.Build.0 = Release|Any CPU
		{FAAF83F4-6500-4F12-89ED-AF3B33800135}.Release|x64.Deploy.0 = Release|Any CPU
		{FAAF83F4-6500-4F12-89ED-AF3B33800135}.Release|x86.ActiveCfg = Release|x86
		{FAAF83F4-6500-4F12-89ED-AF3B33800135}.Release|x86.Build.0 = Release|x86
		{FAAF83F4-6500-4F12-89ED-AF3B33800135}.Release|x86.Deploy.0 = Release|x86
		{A69802BC-EB81-40E7-A9EB-614F5EB8BE5E}.Ad-Hoc|Any CPU.ActiveCfg = Release|x86
		{A69802BC-EB81-40E7-A9EB-614F5EB8BE5E}.Ad-Hoc|Any CPU.Build.0 = Release|x86
		{A69802BC-EB81-40E7-A9EB-614F5EB8BE5E}.Ad-Hoc|Any CPU.Deploy.0 = Release|x86
		{A69802BC-EB81-40E7-A9EB-614F5EB8BE5E}.Ad-Hoc|ARM.ActiveCfg = Release|ARM
		{A69802BC-EB81-40E7-A9EB-614F5EB8BE5E}.Ad-Hoc|ARM.Build.0 = Release|ARM
		{A69802BC-EB81-40E7-A9EB-614F5EB8BE5E}.Ad-Hoc|ARM.Deploy.0 = Release|ARM
		{A69802BC-EB81-40E7-A9EB-614F5EB8BE5E}.Ad-Hoc|iPhone.ActiveCfg = Release|x86
		{A69802BC-EB81-40E7-A9EB-614F5EB8BE5E}.Ad-Hoc|iPhone.Build.0 = Release|x86
		{A69802BC-EB81-40E7-A9EB-614F5EB8BE5E}.Ad-Hoc|iPhone.Deploy.0 = Release|x86
		{A69802BC-EB81-40E7-A9EB-614F5EB8BE5E}.Ad-Hoc|iPhoneSimulator.ActiveCfg = Release|x86
		{A69802BC-EB81-40E7-A9EB-614F5EB8BE5E}.Ad-Hoc|iPhoneSimulator.Build.0 = Release|x86
		{A69802BC-EB81-40E7-A9EB-614F5EB8BE5E}.Ad-Hoc|iPhoneSimulator.Deploy.0 = Release|x86
		{A69802BC-EB81-40E7-A9EB-614F5EB8BE5E}.Ad-Hoc|x64.ActiveCfg = Release|x64
		{A69802BC-EB81-40E7-A9EB-614F5EB8BE5E}.Ad-Hoc|x64.Build.0 = Release|x64
		{A69802BC-EB81-40E7-A9EB-614F5EB8BE5E}.Ad-Hoc|x64.Deploy.0 = Release|x64
		{A69802BC-EB81-40E7-A9EB-614F5EB8BE5E}.Ad-Hoc|x86.ActiveCfg = Release|x86
		{A69802BC-EB81-40E7-A9EB-614F5EB8BE5E}.Ad-Hoc|x86.Build.0 = Release|x86
		{A69802BC-EB81-40E7-A9EB-614F5EB8BE5E}.Ad-Hoc|x86.Deploy.0 = Release|x86
		{A69802BC-EB81-40E7-A9EB-614F5EB8BE5E}.AppStore|Any CPU.ActiveCfg = Release|x86
		{A69802BC-EB81-40E7-A9EB-614F5EB8BE5E}.AppStore|Any CPU.Build.0 = Release|x86
		{A69802BC-EB81-40E7-A9EB-614F5EB8BE5E}.AppStore|Any CPU.Deploy.0 = Release|x86
		{A69802BC-EB81-40E7-A9EB-614F5EB8BE5E}.AppStore|ARM.ActiveCfg = Release|ARM
		{A69802BC-EB81-40E7-A9EB-614F5EB8BE5E}.AppStore|ARM.Build.0 = Release|ARM
		{A69802BC-EB81-40E7-A9EB-614F5EB8BE5E}.AppStore|ARM.Deploy.0 = Release|ARM
		{A69802BC-EB81-40E7-A9EB-614F5EB8BE5E}.AppStore|iPhone.ActiveCfg = Release|x86
		{A69802BC-EB81-40E7-A9EB-614F5EB8BE5E}.AppStore|iPhone.Build.0 = Release|x86
		{A69802BC-EB81-40E7-A9EB-614F5EB8BE5E}.AppStore|iPhone.Deploy.0 = Release|x86
		{A69802BC-EB81-40E7-A9EB-614F5EB8BE5E}.AppStore|iPhoneSimulator.ActiveCfg = Release|x86
		{A69802BC-EB81-40E7-A9EB-614F5EB8BE5E}.AppStore|iPhoneSimulator.Build.0 = Release|x86
		{A69802BC-EB81-40E7-A9EB-614F5EB8BE5E}.AppStore|iPhoneSimulator.Deploy.0 = Release|x86
		{A69802BC-EB81-40E7-A9EB-614F5EB8BE5E}.AppStore|x64.ActiveCfg = Release|x64
		{A69802BC-EB81-40E7-A9EB-614F5EB8BE5E}.AppStore|x64.Build.0 = Release|x64
		{A69802BC-EB81-40E7-A9EB-614F5EB8BE5E}.AppStore|x64.Deploy.0 = Release|x64
		{A69802BC-EB81-40E7-A9EB-614F5EB8BE5E}.AppStore|x86.ActiveCfg = Release|x86
		{A69802BC-EB81-40E7-A9EB-614F5EB8BE5E}.AppStore|x86.Build.0 = Release|x86
		{A69802BC-EB81-40E7-A9EB-614F5EB8BE5E}.AppStore|x86.Deploy.0 = Release|x86
		{A69802BC-EB81-40E7-A9EB-614F5EB8BE5E}.Debug|Any CPU.ActiveCfg = Debug|x86
		{A69802BC-EB81-40E7-A9EB-614F5EB8BE5E}.Debug|ARM.ActiveCfg = Debug|ARM
		{A69802BC-EB81-40E7-A9EB-614F5EB8BE5E}.Debug|ARM.Build.0 = Debug|ARM
		{A69802BC-EB81-40E7-A9EB-614F5EB8BE5E}.Debug|ARM.Deploy.0 = Debug|ARM
		{A69802BC-EB81-40E7-A9EB-614F5EB8BE5E}.Debug|iPhone.ActiveCfg = Debug|x86
		{A69802BC-EB81-40E7-A9EB-614F5EB8BE5E}.Debug|iPhoneSimulator.ActiveCfg = Debug|x86
		{A69802BC-EB81-40E7-A9EB-614F5EB8BE5E}.Debug|x64.ActiveCfg = Debug|x64
		{A69802BC-EB81-40E7-A9EB-614F5EB8BE5E}.Debug|x64.Build.0 = Debug|x64
		{A69802BC-EB81-40E7-A9EB-614F5EB8BE5E}.Debug|x64.Deploy.0 = Debug|x64
		{A69802BC-EB81-40E7-A9EB-614F5EB8BE5E}.Debug|x86.ActiveCfg = Debug|x86
		{A69802BC-EB81-40E7-A9EB-614F5EB8BE5E}.Debug|x86.Build.0 = Debug|x86
		{A69802BC-EB81-40E7-A9EB-614F5EB8BE5E}.Debug|x86.Deploy.0 = Debug|x86
		{A69802BC-EB81-40E7-A9EB-614F5EB8BE5E}.Release|Any CPU.ActiveCfg = Release|x86
		{A69802BC-EB81-40E7-A9EB-614F5EB8BE5E}.Release|ARM.ActiveCfg = Release|ARM
		{A69802BC-EB81-40E7-A9EB-614F5EB8BE5E}.Release|ARM.Build.0 = Release|ARM
		{A69802BC-EB81-40E7-A9EB-614F5EB8BE5E}.Release|ARM.Deploy.0 = Release|ARM
		{A69802BC-EB81-40E7-A9EB-614F5EB8BE5E}.Release|iPhone.ActiveCfg = Release|x86
		{A69802BC-EB81-40E7-A9EB-614F5EB8BE5E}.Release|iPhoneSimulator.ActiveCfg = Release|x86
		{A69802BC-EB81-40E7-A9EB-614F5EB8BE5E}.Release|x64.ActiveCfg = Release|x64
		{A69802BC-EB81-40E7-A9EB-614F5EB8BE5E}.Release|x64.Build.0 = Release|x64
		{A69802BC-EB81-40E7-A9EB-614F5EB8BE5E}.Release|x64.Deploy.0 = Release|x64
		{A69802BC-EB81-40E7-A9EB-614F5EB8BE5E}.Release|x86.ActiveCfg = Release|x86
		{A69802BC-EB81-40E7-A9EB-614F5EB8BE5E}.Release|x86.Build.0 = Release|x86
		{A69802BC-EB81-40E7-A9EB-614F5EB8BE5E}.Release|x86.Deploy.0 = Release|x86
		{E72088FA-CAFF-40E2-8EA2-046FDCE413EE}.Ad-Hoc|Any CPU.ActiveCfg = Release|Any CPU
		{E72088FA-CAFF-40E2-8EA2-046FDCE413EE}.Ad-Hoc|Any CPU.Build.0 = Release|Any CPU
		{E72088FA-CAFF-40E2-8EA2-046FDCE413EE}.Ad-Hoc|Any CPU.Deploy.0 = Release|Any CPU
		{E72088FA-CAFF-40E2-8EA2-046FDCE413EE}.Ad-Hoc|ARM.ActiveCfg = Release|ARM
		{E72088FA-CAFF-40E2-8EA2-046FDCE413EE}.Ad-Hoc|ARM.Build.0 = Release|ARM
		{E72088FA-CAFF-40E2-8EA2-046FDCE413EE}.Ad-Hoc|ARM.Deploy.0 = Release|ARM
		{E72088FA-CAFF-40E2-8EA2-046FDCE413EE}.Ad-Hoc|iPhone.ActiveCfg = Release|Any CPU
		{E72088FA-CAFF-40E2-8EA2-046FDCE413EE}.Ad-Hoc|iPhone.Build.0 = Release|Any CPU
		{E72088FA-CAFF-40E2-8EA2-046FDCE413EE}.Ad-Hoc|iPhone.Deploy.0 = Release|Any CPU
		{E72088FA-CAFF-40E2-8EA2-046FDCE413EE}.Ad-Hoc|iPhoneSimulator.ActiveCfg = Release|Any CPU
		{E72088FA-CAFF-40E2-8EA2-046FDCE413EE}.Ad-Hoc|iPhoneSimulator.Build.0 = Release|Any CPU
		{E72088FA-CAFF-40E2-8EA2-046FDCE413EE}.Ad-Hoc|iPhoneSimulator.Deploy.0 = Release|Any CPU
		{E72088FA-CAFF-40E2-8EA2-046FDCE413EE}.Ad-Hoc|x64.ActiveCfg = Release|x64
		{E72088FA-CAFF-40E2-8EA2-046FDCE413EE}.Ad-Hoc|x64.Build.0 = Release|x64
		{E72088FA-CAFF-40E2-8EA2-046FDCE413EE}.Ad-Hoc|x64.Deploy.0 = Release|x64
		{E72088FA-CAFF-40E2-8EA2-046FDCE413EE}.Ad-Hoc|x86.ActiveCfg = Release|x86
		{E72088FA-CAFF-40E2-8EA2-046FDCE413EE}.Ad-Hoc|x86.Build.0 = Release|x86
		{E72088FA-CAFF-40E2-8EA2-046FDCE413EE}.Ad-Hoc|x86.Deploy.0 = Release|x86
		{E72088FA-CAFF-40E2-8EA2-046FDCE413EE}.AppStore|Any CPU.ActiveCfg = Release|Any CPU
		{E72088FA-CAFF-40E2-8EA2-046FDCE413EE}.AppStore|Any CPU.Build.0 = Release|Any CPU
		{E72088FA-CAFF-40E2-8EA2-046FDCE413EE}.AppStore|Any CPU.Deploy.0 = Release|Any CPU
		{E72088FA-CAFF-40E2-8EA2-046FDCE413EE}.AppStore|ARM.ActiveCfg = Release|ARM
		{E72088FA-CAFF-40E2-8EA2-046FDCE413EE}.AppStore|ARM.Build.0 = Release|ARM
		{E72088FA-CAFF-40E2-8EA2-046FDCE413EE}.AppStore|ARM.Deploy.0 = Release|ARM
		{E72088FA-CAFF-40E2-8EA2-046FDCE413EE}.AppStore|iPhone.ActiveCfg = Release|Any CPU
		{E72088FA-CAFF-40E2-8EA2-046FDCE413EE}.AppStore|iPhone.Build.0 = Release|Any CPU
		{E72088FA-CAFF-40E2-8EA2-046FDCE413EE}.AppStore|iPhone.Deploy.0 = Release|Any CPU
		{E72088FA-CAFF-40E2-8EA2-046FDCE413EE}.AppStore|iPhoneSimulator.ActiveCfg = Release|Any CPU
		{E72088FA-CAFF-40E2-8EA2-046FDCE413EE}.AppStore|iPhoneSimulator.Build.0 = Release|Any CPU
		{E72088FA-CAFF-40E2-8EA2-046FDCE413EE}.AppStore|iPhoneSimulator.Deploy.0 = Release|Any CPU
		{E72088FA-CAFF-40E2-8EA2-046FDCE413EE}.AppStore|x64.ActiveCfg = Release|x64
		{E72088FA-CAFF-40E2-8EA2-046FDCE413EE}.AppStore|x64.Build.0 = Release|x64
		{E72088FA-CAFF-40E2-8EA2-046FDCE413EE}.AppStore|x64.Deploy.0 = Release|x64
		{E72088FA-CAFF-40E2-8EA2-046FDCE413EE}.AppStore|x86.ActiveCfg = Release|x86
		{E72088FA-CAFF-40E2-8EA2-046FDCE413EE}.AppStore|x86.Build.0 = Release|x86
		{E72088FA-CAFF-40E2-8EA2-046FDCE413EE}.AppStore|x86.Deploy.0 = Release|x86
		{E72088FA-CAFF-40E2-8EA2-046FDCE413EE}.Debug|Any CPU.ActiveCfg = Debug|Any CPU
		{E72088FA-CAFF-40E2-8EA2-046FDCE413EE}.Debug|Any CPU.Build.0 = Debug|Any CPU
		{E72088FA-CAFF-40E2-8EA2-046FDCE413EE}.Debug|Any CPU.Deploy.0 = Debug|Any CPU
		{E72088FA-CAFF-40E2-8EA2-046FDCE413EE}.Debug|ARM.ActiveCfg = Debug|ARM
		{E72088FA-CAFF-40E2-8EA2-046FDCE413EE}.Debug|ARM.Build.0 = Debug|ARM
		{E72088FA-CAFF-40E2-8EA2-046FDCE413EE}.Debug|ARM.Deploy.0 = Debug|ARM
		{E72088FA-CAFF-40E2-8EA2-046FDCE413EE}.Debug|iPhone.ActiveCfg = Debug|Any CPU
		{E72088FA-CAFF-40E2-8EA2-046FDCE413EE}.Debug|iPhone.Build.0 = Debug|Any CPU
		{E72088FA-CAFF-40E2-8EA2-046FDCE413EE}.Debug|iPhone.Deploy.0 = Debug|Any CPU
		{E72088FA-CAFF-40E2-8EA2-046FDCE413EE}.Debug|iPhoneSimulator.ActiveCfg = Debug|Any CPU
		{E72088FA-CAFF-40E2-8EA2-046FDCE413EE}.Debug|iPhoneSimulator.Build.0 = Debug|Any CPU
		{E72088FA-CAFF-40E2-8EA2-046FDCE413EE}.Debug|iPhoneSimulator.Deploy.0 = Debug|Any CPU
		{E72088FA-CAFF-40E2-8EA2-046FDCE413EE}.Debug|x64.ActiveCfg = Debug|x64
		{E72088FA-CAFF-40E2-8EA2-046FDCE413EE}.Debug|x64.Build.0 = Debug|x64
		{E72088FA-CAFF-40E2-8EA2-046FDCE413EE}.Debug|x64.Deploy.0 = Debug|x64
		{E72088FA-CAFF-40E2-8EA2-046FDCE413EE}.Debug|x86.ActiveCfg = Debug|x86
		{E72088FA-CAFF-40E2-8EA2-046FDCE413EE}.Debug|x86.Build.0 = Debug|x86
		{E72088FA-CAFF-40E2-8EA2-046FDCE413EE}.Debug|x86.Deploy.0 = Debug|x86
		{E72088FA-CAFF-40E2-8EA2-046FDCE413EE}.Release|Any CPU.ActiveCfg = Release|Any CPU
		{E72088FA-CAFF-40E2-8EA2-046FDCE413EE}.Release|Any CPU.Build.0 = Release|Any CPU
		{E72088FA-CAFF-40E2-8EA2-046FDCE413EE}.Release|Any CPU.Deploy.0 = Release|Any CPU
		{E72088FA-CAFF-40E2-8EA2-046FDCE413EE}.Release|ARM.ActiveCfg = Release|ARM
		{E72088FA-CAFF-40E2-8EA2-046FDCE413EE}.Release|ARM.Build.0 = Release|ARM
		{E72088FA-CAFF-40E2-8EA2-046FDCE413EE}.Release|ARM.Deploy.0 = Release|ARM
		{E72088FA-CAFF-40E2-8EA2-046FDCE413EE}.Release|iPhone.ActiveCfg = Release|Any CPU
		{E72088FA-CAFF-40E2-8EA2-046FDCE413EE}.Release|iPhone.Build.0 = Release|Any CPU
		{E72088FA-CAFF-40E2-8EA2-046FDCE413EE}.Release|iPhone.Deploy.0 = Release|Any CPU
		{E72088FA-CAFF-40E2-8EA2-046FDCE413EE}.Release|iPhoneSimulator.ActiveCfg = Release|Any CPU
		{E72088FA-CAFF-40E2-8EA2-046FDCE413EE}.Release|iPhoneSimulator.Build.0 = Release|Any CPU
		{E72088FA-CAFF-40E2-8EA2-046FDCE413EE}.Release|iPhoneSimulator.Deploy.0 = Release|Any CPU
		{E72088FA-CAFF-40E2-8EA2-046FDCE413EE}.Release|x64.ActiveCfg = Release|x64
		{E72088FA-CAFF-40E2-8EA2-046FDCE413EE}.Release|x64.Build.0 = Release|x64
		{E72088FA-CAFF-40E2-8EA2-046FDCE413EE}.Release|x64.Deploy.0 = Release|x64
		{E72088FA-CAFF-40E2-8EA2-046FDCE413EE}.Release|x86.ActiveCfg = Release|x86
		{E72088FA-CAFF-40E2-8EA2-046FDCE413EE}.Release|x86.Build.0 = Release|x86
		{E72088FA-CAFF-40E2-8EA2-046FDCE413EE}.Release|x86.Deploy.0 = Release|x86
		{7391DB8F-4E66-4C89-83FA-090004F4DD91}.Ad-Hoc|Any CPU.ActiveCfg = Release|Any CPU
		{7391DB8F-4E66-4C89-83FA-090004F4DD91}.Ad-Hoc|Any CPU.Build.0 = Release|Any CPU
		{7391DB8F-4E66-4C89-83FA-090004F4DD91}.Ad-Hoc|ARM.ActiveCfg = Release|Any CPU
		{7391DB8F-4E66-4C89-83FA-090004F4DD91}.Ad-Hoc|ARM.Build.0 = Release|Any CPU
		{7391DB8F-4E66-4C89-83FA-090004F4DD91}.Ad-Hoc|iPhone.ActiveCfg = Release|Any CPU
		{7391DB8F-4E66-4C89-83FA-090004F4DD91}.Ad-Hoc|iPhone.Build.0 = Release|Any CPU
		{7391DB8F-4E66-4C89-83FA-090004F4DD91}.Ad-Hoc|iPhoneSimulator.ActiveCfg = Release|Any CPU
		{7391DB8F-4E66-4C89-83FA-090004F4DD91}.Ad-Hoc|iPhoneSimulator.Build.0 = Release|Any CPU
		{7391DB8F-4E66-4C89-83FA-090004F4DD91}.Ad-Hoc|x64.ActiveCfg = Release|Any CPU
		{7391DB8F-4E66-4C89-83FA-090004F4DD91}.Ad-Hoc|x64.Build.0 = Release|Any CPU
		{7391DB8F-4E66-4C89-83FA-090004F4DD91}.Ad-Hoc|x86.ActiveCfg = Release|Any CPU
		{7391DB8F-4E66-4C89-83FA-090004F4DD91}.Ad-Hoc|x86.Build.0 = Release|Any CPU
		{7391DB8F-4E66-4C89-83FA-090004F4DD91}.AppStore|Any CPU.ActiveCfg = Release|Any CPU
		{7391DB8F-4E66-4C89-83FA-090004F4DD91}.AppStore|Any CPU.Build.0 = Release|Any CPU
		{7391DB8F-4E66-4C89-83FA-090004F4DD91}.AppStore|ARM.ActiveCfg = Release|Any CPU
		{7391DB8F-4E66-4C89-83FA-090004F4DD91}.AppStore|ARM.Build.0 = Release|Any CPU
		{7391DB8F-4E66-4C89-83FA-090004F4DD91}.AppStore|iPhone.ActiveCfg = Release|Any CPU
		{7391DB8F-4E66-4C89-83FA-090004F4DD91}.AppStore|iPhone.Build.0 = Release|Any CPU
		{7391DB8F-4E66-4C89-83FA-090004F4DD91}.AppStore|iPhoneSimulator.ActiveCfg = Release|Any CPU
		{7391DB8F-4E66-4C89-83FA-090004F4DD91}.AppStore|iPhoneSimulator.Build.0 = Release|Any CPU
		{7391DB8F-4E66-4C89-83FA-090004F4DD91}.AppStore|x64.ActiveCfg = Release|Any CPU
		{7391DB8F-4E66-4C89-83FA-090004F4DD91}.AppStore|x64.Build.0 = Release|Any CPU
		{7391DB8F-4E66-4C89-83FA-090004F4DD91}.AppStore|x86.ActiveCfg = Release|Any CPU
		{7391DB8F-4E66-4C89-83FA-090004F4DD91}.AppStore|x86.Build.0 = Release|Any CPU
		{7391DB8F-4E66-4C89-83FA-090004F4DD91}.Debug|Any CPU.ActiveCfg = Debug|Any CPU
		{7391DB8F-4E66-4C89-83FA-090004F4DD91}.Debug|Any CPU.Build.0 = Debug|Any CPU
		{7391DB8F-4E66-4C89-83FA-090004F4DD91}.Debug|ARM.ActiveCfg = Debug|Any CPU
		{7391DB8F-4E66-4C89-83FA-090004F4DD91}.Debug|ARM.Build.0 = Debug|Any CPU
		{7391DB8F-4E66-4C89-83FA-090004F4DD91}.Debug|iPhone.ActiveCfg = Debug|Any CPU
		{7391DB8F-4E66-4C89-83FA-090004F4DD91}.Debug|iPhone.Build.0 = Debug|Any CPU
		{7391DB8F-4E66-4C89-83FA-090004F4DD91}.Debug|iPhoneSimulator.ActiveCfg = Debug|Any CPU
		{7391DB8F-4E66-4C89-83FA-090004F4DD91}.Debug|iPhoneSimulator.Build.0 = Debug|Any CPU
		{7391DB8F-4E66-4C89-83FA-090004F4DD91}.Debug|x64.ActiveCfg = Debug|Any CPU
		{7391DB8F-4E66-4C89-83FA-090004F4DD91}.Debug|x64.Build.0 = Debug|Any CPU
		{7391DB8F-4E66-4C89-83FA-090004F4DD91}.Debug|x86.ActiveCfg = Debug|Any CPU
		{7391DB8F-4E66-4C89-83FA-090004F4DD91}.Debug|x86.Build.0 = Debug|Any CPU
		{7391DB8F-4E66-4C89-83FA-090004F4DD91}.Release|Any CPU.ActiveCfg = Release|Any CPU
		{7391DB8F-4E66-4C89-83FA-090004F4DD91}.Release|Any CPU.Build.0 = Release|Any CPU
		{7391DB8F-4E66-4C89-83FA-090004F4DD91}.Release|ARM.ActiveCfg = Release|Any CPU
		{7391DB8F-4E66-4C89-83FA-090004F4DD91}.Release|ARM.Build.0 = Release|Any CPU
		{7391DB8F-4E66-4C89-83FA-090004F4DD91}.Release|iPhone.ActiveCfg = Release|Any CPU
		{7391DB8F-4E66-4C89-83FA-090004F4DD91}.Release|iPhone.Build.0 = Release|Any CPU
		{7391DB8F-4E66-4C89-83FA-090004F4DD91}.Release|iPhoneSimulator.ActiveCfg = Release|Any CPU
		{7391DB8F-4E66-4C89-83FA-090004F4DD91}.Release|iPhoneSimulator.Build.0 = Release|Any CPU
		{7391DB8F-4E66-4C89-83FA-090004F4DD91}.Release|x64.ActiveCfg = Release|Any CPU
		{7391DB8F-4E66-4C89-83FA-090004F4DD91}.Release|x64.Build.0 = Release|Any CPU
		{7391DB8F-4E66-4C89-83FA-090004F4DD91}.Release|x86.ActiveCfg = Release|Any CPU
		{7391DB8F-4E66-4C89-83FA-090004F4DD91}.Release|x86.Build.0 = Release|Any CPU
		{D9ADD937-65A6-40E3-8864-DAA03C61D82E}.Ad-Hoc|Any CPU.ActiveCfg = Release|Any CPU
		{D9ADD937-65A6-40E3-8864-DAA03C61D82E}.Ad-Hoc|Any CPU.Build.0 = Release|Any CPU
		{D9ADD937-65A6-40E3-8864-DAA03C61D82E}.Ad-Hoc|ARM.ActiveCfg = Release|Any CPU
		{D9ADD937-65A6-40E3-8864-DAA03C61D82E}.Ad-Hoc|ARM.Build.0 = Release|Any CPU
		{D9ADD937-65A6-40E3-8864-DAA03C61D82E}.Ad-Hoc|iPhone.ActiveCfg = Release|Any CPU
		{D9ADD937-65A6-40E3-8864-DAA03C61D82E}.Ad-Hoc|iPhone.Build.0 = Release|Any CPU
		{D9ADD937-65A6-40E3-8864-DAA03C61D82E}.Ad-Hoc|iPhoneSimulator.ActiveCfg = Release|Any CPU
		{D9ADD937-65A6-40E3-8864-DAA03C61D82E}.Ad-Hoc|iPhoneSimulator.Build.0 = Release|Any CPU
		{D9ADD937-65A6-40E3-8864-DAA03C61D82E}.Ad-Hoc|x64.ActiveCfg = Release|Any CPU
		{D9ADD937-65A6-40E3-8864-DAA03C61D82E}.Ad-Hoc|x64.Build.0 = Release|Any CPU
		{D9ADD937-65A6-40E3-8864-DAA03C61D82E}.Ad-Hoc|x86.ActiveCfg = Release|Any CPU
		{D9ADD937-65A6-40E3-8864-DAA03C61D82E}.Ad-Hoc|x86.Build.0 = Release|Any CPU
		{D9ADD937-65A6-40E3-8864-DAA03C61D82E}.AppStore|Any CPU.ActiveCfg = Release|Any CPU
		{D9ADD937-65A6-40E3-8864-DAA03C61D82E}.AppStore|Any CPU.Build.0 = Release|Any CPU
		{D9ADD937-65A6-40E3-8864-DAA03C61D82E}.AppStore|ARM.ActiveCfg = Release|Any CPU
		{D9ADD937-65A6-40E3-8864-DAA03C61D82E}.AppStore|ARM.Build.0 = Release|Any CPU
		{D9ADD937-65A6-40E3-8864-DAA03C61D82E}.AppStore|iPhone.ActiveCfg = Release|Any CPU
		{D9ADD937-65A6-40E3-8864-DAA03C61D82E}.AppStore|iPhone.Build.0 = Release|Any CPU
		{D9ADD937-65A6-40E3-8864-DAA03C61D82E}.AppStore|iPhoneSimulator.ActiveCfg = Release|Any CPU
		{D9ADD937-65A6-40E3-8864-DAA03C61D82E}.AppStore|iPhoneSimulator.Build.0 = Release|Any CPU
		{D9ADD937-65A6-40E3-8864-DAA03C61D82E}.AppStore|x64.ActiveCfg = Release|Any CPU
		{D9ADD937-65A6-40E3-8864-DAA03C61D82E}.AppStore|x64.Build.0 = Release|Any CPU
		{D9ADD937-65A6-40E3-8864-DAA03C61D82E}.AppStore|x86.ActiveCfg = Release|Any CPU
		{D9ADD937-65A6-40E3-8864-DAA03C61D82E}.AppStore|x86.Build.0 = Release|Any CPU
		{D9ADD937-65A6-40E3-8864-DAA03C61D82E}.Debug|Any CPU.ActiveCfg = Debug|Any CPU
		{D9ADD937-65A6-40E3-8864-DAA03C61D82E}.Debug|Any CPU.Build.0 = Debug|Any CPU
		{D9ADD937-65A6-40E3-8864-DAA03C61D82E}.Debug|ARM.ActiveCfg = Debug|Any CPU
		{D9ADD937-65A6-40E3-8864-DAA03C61D82E}.Debug|ARM.Build.0 = Debug|Any CPU
		{D9ADD937-65A6-40E3-8864-DAA03C61D82E}.Debug|iPhone.ActiveCfg = Debug|Any CPU
		{D9ADD937-65A6-40E3-8864-DAA03C61D82E}.Debug|iPhone.Build.0 = Debug|Any CPU
		{D9ADD937-65A6-40E3-8864-DAA03C61D82E}.Debug|iPhoneSimulator.ActiveCfg = Debug|Any CPU
		{D9ADD937-65A6-40E3-8864-DAA03C61D82E}.Debug|iPhoneSimulator.Build.0 = Debug|Any CPU
		{D9ADD937-65A6-40E3-8864-DAA03C61D82E}.Debug|x64.ActiveCfg = Debug|Any CPU
		{D9ADD937-65A6-40E3-8864-DAA03C61D82E}.Debug|x64.Build.0 = Debug|Any CPU
		{D9ADD937-65A6-40E3-8864-DAA03C61D82E}.Debug|x86.ActiveCfg = Debug|Any CPU
		{D9ADD937-65A6-40E3-8864-DAA03C61D82E}.Debug|x86.Build.0 = Debug|Any CPU
		{D9ADD937-65A6-40E3-8864-DAA03C61D82E}.Release|Any CPU.ActiveCfg = Release|Any CPU
		{D9ADD937-65A6-40E3-8864-DAA03C61D82E}.Release|Any CPU.Build.0 = Release|Any CPU
		{D9ADD937-65A6-40E3-8864-DAA03C61D82E}.Release|ARM.ActiveCfg = Release|Any CPU
		{D9ADD937-65A6-40E3-8864-DAA03C61D82E}.Release|ARM.Build.0 = Release|Any CPU
		{D9ADD937-65A6-40E3-8864-DAA03C61D82E}.Release|iPhone.ActiveCfg = Release|Any CPU
		{D9ADD937-65A6-40E3-8864-DAA03C61D82E}.Release|iPhone.Build.0 = Release|Any CPU
		{D9ADD937-65A6-40E3-8864-DAA03C61D82E}.Release|iPhoneSimulator.ActiveCfg = Release|Any CPU
		{D9ADD937-65A6-40E3-8864-DAA03C61D82E}.Release|iPhoneSimulator.Build.0 = Release|Any CPU
		{D9ADD937-65A6-40E3-8864-DAA03C61D82E}.Release|x64.ActiveCfg = Release|Any CPU
		{D9ADD937-65A6-40E3-8864-DAA03C61D82E}.Release|x64.Build.0 = Release|Any CPU
		{D9ADD937-65A6-40E3-8864-DAA03C61D82E}.Release|x86.ActiveCfg = Release|Any CPU
		{D9ADD937-65A6-40E3-8864-DAA03C61D82E}.Release|x86.Build.0 = Release|Any CPU
		{53058C17-ACE3-4D60-945E-E1AE3BD8B4F6}.Ad-Hoc|Any CPU.ActiveCfg = Release|Any CPU
		{53058C17-ACE3-4D60-945E-E1AE3BD8B4F6}.Ad-Hoc|Any CPU.Build.0 = Release|Any CPU
		{53058C17-ACE3-4D60-945E-E1AE3BD8B4F6}.Ad-Hoc|ARM.ActiveCfg = Release|Any CPU
		{53058C17-ACE3-4D60-945E-E1AE3BD8B4F6}.Ad-Hoc|ARM.Build.0 = Release|Any CPU
		{53058C17-ACE3-4D60-945E-E1AE3BD8B4F6}.Ad-Hoc|iPhone.ActiveCfg = Release|Any CPU
		{53058C17-ACE3-4D60-945E-E1AE3BD8B4F6}.Ad-Hoc|iPhone.Build.0 = Release|Any CPU
		{53058C17-ACE3-4D60-945E-E1AE3BD8B4F6}.Ad-Hoc|iPhoneSimulator.ActiveCfg = Release|Any CPU
		{53058C17-ACE3-4D60-945E-E1AE3BD8B4F6}.Ad-Hoc|iPhoneSimulator.Build.0 = Release|Any CPU
		{53058C17-ACE3-4D60-945E-E1AE3BD8B4F6}.Ad-Hoc|x64.ActiveCfg = Release|Any CPU
		{53058C17-ACE3-4D60-945E-E1AE3BD8B4F6}.Ad-Hoc|x64.Build.0 = Release|Any CPU
		{53058C17-ACE3-4D60-945E-E1AE3BD8B4F6}.Ad-Hoc|x86.ActiveCfg = Release|Any CPU
		{53058C17-ACE3-4D60-945E-E1AE3BD8B4F6}.Ad-Hoc|x86.Build.0 = Release|Any CPU
		{53058C17-ACE3-4D60-945E-E1AE3BD8B4F6}.AppStore|Any CPU.ActiveCfg = Release|Any CPU
		{53058C17-ACE3-4D60-945E-E1AE3BD8B4F6}.AppStore|Any CPU.Build.0 = Release|Any CPU
		{53058C17-ACE3-4D60-945E-E1AE3BD8B4F6}.AppStore|ARM.ActiveCfg = Release|Any CPU
		{53058C17-ACE3-4D60-945E-E1AE3BD8B4F6}.AppStore|ARM.Build.0 = Release|Any CPU
		{53058C17-ACE3-4D60-945E-E1AE3BD8B4F6}.AppStore|iPhone.ActiveCfg = Release|Any CPU
		{53058C17-ACE3-4D60-945E-E1AE3BD8B4F6}.AppStore|iPhone.Build.0 = Release|Any CPU
		{53058C17-ACE3-4D60-945E-E1AE3BD8B4F6}.AppStore|iPhoneSimulator.ActiveCfg = Release|Any CPU
		{53058C17-ACE3-4D60-945E-E1AE3BD8B4F6}.AppStore|iPhoneSimulator.Build.0 = Release|Any CPU
		{53058C17-ACE3-4D60-945E-E1AE3BD8B4F6}.AppStore|x64.ActiveCfg = Release|Any CPU
		{53058C17-ACE3-4D60-945E-E1AE3BD8B4F6}.AppStore|x64.Build.0 = Release|Any CPU
		{53058C17-ACE3-4D60-945E-E1AE3BD8B4F6}.AppStore|x86.ActiveCfg = Release|Any CPU
		{53058C17-ACE3-4D60-945E-E1AE3BD8B4F6}.AppStore|x86.Build.0 = Release|Any CPU
		{53058C17-ACE3-4D60-945E-E1AE3BD8B4F6}.Debug|Any CPU.ActiveCfg = Debug|Any CPU
		{53058C17-ACE3-4D60-945E-E1AE3BD8B4F6}.Debug|Any CPU.Build.0 = Debug|Any CPU
		{53058C17-ACE3-4D60-945E-E1AE3BD8B4F6}.Debug|ARM.ActiveCfg = Debug|Any CPU
		{53058C17-ACE3-4D60-945E-E1AE3BD8B4F6}.Debug|ARM.Build.0 = Debug|Any CPU
		{53058C17-ACE3-4D60-945E-E1AE3BD8B4F6}.Debug|iPhone.ActiveCfg = Debug|Any CPU
		{53058C17-ACE3-4D60-945E-E1AE3BD8B4F6}.Debug|iPhone.Build.0 = Debug|Any CPU
		{53058C17-ACE3-4D60-945E-E1AE3BD8B4F6}.Debug|iPhoneSimulator.ActiveCfg = Debug|Any CPU
		{53058C17-ACE3-4D60-945E-E1AE3BD8B4F6}.Debug|iPhoneSimulator.Build.0 = Debug|Any CPU
		{53058C17-ACE3-4D60-945E-E1AE3BD8B4F6}.Debug|x64.ActiveCfg = Debug|Any CPU
		{53058C17-ACE3-4D60-945E-E1AE3BD8B4F6}.Debug|x64.Build.0 = Debug|Any CPU
		{53058C17-ACE3-4D60-945E-E1AE3BD8B4F6}.Debug|x86.ActiveCfg = Debug|Any CPU
		{53058C17-ACE3-4D60-945E-E1AE3BD8B4F6}.Debug|x86.Build.0 = Debug|Any CPU
		{53058C17-ACE3-4D60-945E-E1AE3BD8B4F6}.Release|Any CPU.ActiveCfg = Release|Any CPU
		{53058C17-ACE3-4D60-945E-E1AE3BD8B4F6}.Release|Any CPU.Build.0 = Release|Any CPU
		{53058C17-ACE3-4D60-945E-E1AE3BD8B4F6}.Release|ARM.ActiveCfg = Release|Any CPU
		{53058C17-ACE3-4D60-945E-E1AE3BD8B4F6}.Release|ARM.Build.0 = Release|Any CPU
		{53058C17-ACE3-4D60-945E-E1AE3BD8B4F6}.Release|iPhone.ActiveCfg = Release|Any CPU
		{53058C17-ACE3-4D60-945E-E1AE3BD8B4F6}.Release|iPhone.Build.0 = Release|Any CPU
		{53058C17-ACE3-4D60-945E-E1AE3BD8B4F6}.Release|iPhoneSimulator.ActiveCfg = Release|Any CPU
		{53058C17-ACE3-4D60-945E-E1AE3BD8B4F6}.Release|iPhoneSimulator.Build.0 = Release|Any CPU
		{53058C17-ACE3-4D60-945E-E1AE3BD8B4F6}.Release|x64.ActiveCfg = Release|Any CPU
		{53058C17-ACE3-4D60-945E-E1AE3BD8B4F6}.Release|x64.Build.0 = Release|Any CPU
		{53058C17-ACE3-4D60-945E-E1AE3BD8B4F6}.Release|x86.ActiveCfg = Release|Any CPU
		{53058C17-ACE3-4D60-945E-E1AE3BD8B4F6}.Release|x86.Build.0 = Release|Any CPU
		{25A3EB98-D6F4-46E6-A56D-001BBE3AA684}.Ad-Hoc|Any CPU.ActiveCfg = Release|Any CPU
		{25A3EB98-D6F4-46E6-A56D-001BBE3AA684}.Ad-Hoc|Any CPU.Build.0 = Release|Any CPU
		{25A3EB98-D6F4-46E6-A56D-001BBE3AA684}.Ad-Hoc|ARM.ActiveCfg = Release|Any CPU
		{25A3EB98-D6F4-46E6-A56D-001BBE3AA684}.Ad-Hoc|ARM.Build.0 = Release|Any CPU
		{25A3EB98-D6F4-46E6-A56D-001BBE3AA684}.Ad-Hoc|iPhone.ActiveCfg = Release|Any CPU
		{25A3EB98-D6F4-46E6-A56D-001BBE3AA684}.Ad-Hoc|iPhone.Build.0 = Release|Any CPU
		{25A3EB98-D6F4-46E6-A56D-001BBE3AA684}.Ad-Hoc|iPhoneSimulator.ActiveCfg = Release|Any CPU
		{25A3EB98-D6F4-46E6-A56D-001BBE3AA684}.Ad-Hoc|iPhoneSimulator.Build.0 = Release|Any CPU
		{25A3EB98-D6F4-46E6-A56D-001BBE3AA684}.Ad-Hoc|x64.ActiveCfg = Release|Any CPU
		{25A3EB98-D6F4-46E6-A56D-001BBE3AA684}.Ad-Hoc|x64.Build.0 = Release|Any CPU
		{25A3EB98-D6F4-46E6-A56D-001BBE3AA684}.Ad-Hoc|x86.ActiveCfg = Release|Any CPU
		{25A3EB98-D6F4-46E6-A56D-001BBE3AA684}.Ad-Hoc|x86.Build.0 = Release|Any CPU
		{25A3EB98-D6F4-46E6-A56D-001BBE3AA684}.AppStore|Any CPU.ActiveCfg = Release|Any CPU
		{25A3EB98-D6F4-46E6-A56D-001BBE3AA684}.AppStore|Any CPU.Build.0 = Release|Any CPU
		{25A3EB98-D6F4-46E6-A56D-001BBE3AA684}.AppStore|ARM.ActiveCfg = Release|Any CPU
		{25A3EB98-D6F4-46E6-A56D-001BBE3AA684}.AppStore|ARM.Build.0 = Release|Any CPU
		{25A3EB98-D6F4-46E6-A56D-001BBE3AA684}.AppStore|iPhone.ActiveCfg = Release|Any CPU
		{25A3EB98-D6F4-46E6-A56D-001BBE3AA684}.AppStore|iPhone.Build.0 = Release|Any CPU
		{25A3EB98-D6F4-46E6-A56D-001BBE3AA684}.AppStore|iPhoneSimulator.ActiveCfg = Release|Any CPU
		{25A3EB98-D6F4-46E6-A56D-001BBE3AA684}.AppStore|iPhoneSimulator.Build.0 = Release|Any CPU
		{25A3EB98-D6F4-46E6-A56D-001BBE3AA684}.AppStore|x64.ActiveCfg = Release|Any CPU
		{25A3EB98-D6F4-46E6-A56D-001BBE3AA684}.AppStore|x64.Build.0 = Release|Any CPU
		{25A3EB98-D6F4-46E6-A56D-001BBE3AA684}.AppStore|x86.ActiveCfg = Release|Any CPU
		{25A3EB98-D6F4-46E6-A56D-001BBE3AA684}.AppStore|x86.Build.0 = Release|Any CPU
		{25A3EB98-D6F4-46E6-A56D-001BBE3AA684}.Debug|Any CPU.ActiveCfg = Debug|Any CPU
		{25A3EB98-D6F4-46E6-A56D-001BBE3AA684}.Debug|Any CPU.Build.0 = Debug|Any CPU
		{25A3EB98-D6F4-46E6-A56D-001BBE3AA684}.Debug|ARM.ActiveCfg = Debug|Any CPU
		{25A3EB98-D6F4-46E6-A56D-001BBE3AA684}.Debug|ARM.Build.0 = Debug|Any CPU
		{25A3EB98-D6F4-46E6-A56D-001BBE3AA684}.Debug|iPhone.ActiveCfg = Debug|Any CPU
		{25A3EB98-D6F4-46E6-A56D-001BBE3AA684}.Debug|iPhone.Build.0 = Debug|Any CPU
		{25A3EB98-D6F4-46E6-A56D-001BBE3AA684}.Debug|iPhoneSimulator.ActiveCfg = Debug|Any CPU
		{25A3EB98-D6F4-46E6-A56D-001BBE3AA684}.Debug|iPhoneSimulator.Build.0 = Debug|Any CPU
		{25A3EB98-D6F4-46E6-A56D-001BBE3AA684}.Debug|x64.ActiveCfg = Debug|Any CPU
		{25A3EB98-D6F4-46E6-A56D-001BBE3AA684}.Debug|x64.Build.0 = Debug|Any CPU
		{25A3EB98-D6F4-46E6-A56D-001BBE3AA684}.Debug|x86.ActiveCfg = Debug|Any CPU
		{25A3EB98-D6F4-46E6-A56D-001BBE3AA684}.Debug|x86.Build.0 = Debug|Any CPU
		{25A3EB98-D6F4-46E6-A56D-001BBE3AA684}.Release|Any CPU.ActiveCfg = Release|Any CPU
		{25A3EB98-D6F4-46E6-A56D-001BBE3AA684}.Release|Any CPU.Build.0 = Release|Any CPU
		{25A3EB98-D6F4-46E6-A56D-001BBE3AA684}.Release|ARM.ActiveCfg = Release|Any CPU
		{25A3EB98-D6F4-46E6-A56D-001BBE3AA684}.Release|ARM.Build.0 = Release|Any CPU
		{25A3EB98-D6F4-46E6-A56D-001BBE3AA684}.Release|iPhone.ActiveCfg = Release|Any CPU
		{25A3EB98-D6F4-46E6-A56D-001BBE3AA684}.Release|iPhone.Build.0 = Release|Any CPU
		{25A3EB98-D6F4-46E6-A56D-001BBE3AA684}.Release|iPhoneSimulator.ActiveCfg = Release|Any CPU
		{25A3EB98-D6F4-46E6-A56D-001BBE3AA684}.Release|iPhoneSimulator.Build.0 = Release|Any CPU
		{25A3EB98-D6F4-46E6-A56D-001BBE3AA684}.Release|x64.ActiveCfg = Release|Any CPU
		{25A3EB98-D6F4-46E6-A56D-001BBE3AA684}.Release|x64.Build.0 = Release|Any CPU
		{25A3EB98-D6F4-46E6-A56D-001BBE3AA684}.Release|x86.ActiveCfg = Release|Any CPU
		{25A3EB98-D6F4-46E6-A56D-001BBE3AA684}.Release|x86.Build.0 = Release|Any CPU
		{2A6BB059-A559-475E-B253-68B147A82A34}.Ad-Hoc|Any CPU.ActiveCfg = Release|Any CPU
		{2A6BB059-A559-475E-B253-68B147A82A34}.Ad-Hoc|Any CPU.Build.0 = Release|Any CPU
		{2A6BB059-A559-475E-B253-68B147A82A34}.Ad-Hoc|ARM.ActiveCfg = Release|Any CPU
		{2A6BB059-A559-475E-B253-68B147A82A34}.Ad-Hoc|ARM.Build.0 = Release|Any CPU
		{2A6BB059-A559-475E-B253-68B147A82A34}.Ad-Hoc|iPhone.ActiveCfg = Release|Any CPU
		{2A6BB059-A559-475E-B253-68B147A82A34}.Ad-Hoc|iPhone.Build.0 = Release|Any CPU
		{2A6BB059-A559-475E-B253-68B147A82A34}.Ad-Hoc|iPhoneSimulator.ActiveCfg = Release|Any CPU
		{2A6BB059-A559-475E-B253-68B147A82A34}.Ad-Hoc|iPhoneSimulator.Build.0 = Release|Any CPU
		{2A6BB059-A559-475E-B253-68B147A82A34}.Ad-Hoc|x64.ActiveCfg = Release|Any CPU
		{2A6BB059-A559-475E-B253-68B147A82A34}.Ad-Hoc|x64.Build.0 = Release|Any CPU
		{2A6BB059-A559-475E-B253-68B147A82A34}.Ad-Hoc|x86.ActiveCfg = Release|Any CPU
		{2A6BB059-A559-475E-B253-68B147A82A34}.Ad-Hoc|x86.Build.0 = Release|Any CPU
		{2A6BB059-A559-475E-B253-68B147A82A34}.AppStore|Any CPU.ActiveCfg = Release|Any CPU
		{2A6BB059-A559-475E-B253-68B147A82A34}.AppStore|Any CPU.Build.0 = Release|Any CPU
		{2A6BB059-A559-475E-B253-68B147A82A34}.AppStore|ARM.ActiveCfg = Release|Any CPU
		{2A6BB059-A559-475E-B253-68B147A82A34}.AppStore|ARM.Build.0 = Release|Any CPU
		{2A6BB059-A559-475E-B253-68B147A82A34}.AppStore|iPhone.ActiveCfg = Release|Any CPU
		{2A6BB059-A559-475E-B253-68B147A82A34}.AppStore|iPhone.Build.0 = Release|Any CPU
		{2A6BB059-A559-475E-B253-68B147A82A34}.AppStore|iPhoneSimulator.ActiveCfg = Release|Any CPU
		{2A6BB059-A559-475E-B253-68B147A82A34}.AppStore|iPhoneSimulator.Build.0 = Release|Any CPU
		{2A6BB059-A559-475E-B253-68B147A82A34}.AppStore|x64.ActiveCfg = Release|Any CPU
		{2A6BB059-A559-475E-B253-68B147A82A34}.AppStore|x64.Build.0 = Release|Any CPU
		{2A6BB059-A559-475E-B253-68B147A82A34}.AppStore|x86.ActiveCfg = Release|Any CPU
		{2A6BB059-A559-475E-B253-68B147A82A34}.AppStore|x86.Build.0 = Release|Any CPU
		{2A6BB059-A559-475E-B253-68B147A82A34}.Debug|Any CPU.ActiveCfg = Debug|Any CPU
		{2A6BB059-A559-475E-B253-68B147A82A34}.Debug|Any CPU.Build.0 = Debug|Any CPU
		{2A6BB059-A559-475E-B253-68B147A82A34}.Debug|ARM.ActiveCfg = Debug|Any CPU
		{2A6BB059-A559-475E-B253-68B147A82A34}.Debug|ARM.Build.0 = Debug|Any CPU
		{2A6BB059-A559-475E-B253-68B147A82A34}.Debug|iPhone.ActiveCfg = Debug|Any CPU
		{2A6BB059-A559-475E-B253-68B147A82A34}.Debug|iPhone.Build.0 = Debug|Any CPU
		{2A6BB059-A559-475E-B253-68B147A82A34}.Debug|iPhoneSimulator.ActiveCfg = Debug|Any CPU
		{2A6BB059-A559-475E-B253-68B147A82A34}.Debug|iPhoneSimulator.Build.0 = Debug|Any CPU
		{2A6BB059-A559-475E-B253-68B147A82A34}.Debug|x64.ActiveCfg = Debug|Any CPU
		{2A6BB059-A559-475E-B253-68B147A82A34}.Debug|x64.Build.0 = Debug|Any CPU
		{2A6BB059-A559-475E-B253-68B147A82A34}.Debug|x86.ActiveCfg = Debug|Any CPU
		{2A6BB059-A559-475E-B253-68B147A82A34}.Debug|x86.Build.0 = Debug|Any CPU
		{2A6BB059-A559-475E-B253-68B147A82A34}.Release|Any CPU.ActiveCfg = Release|Any CPU
		{2A6BB059-A559-475E-B253-68B147A82A34}.Release|Any CPU.Build.0 = Release|Any CPU
		{2A6BB059-A559-475E-B253-68B147A82A34}.Release|ARM.ActiveCfg = Release|Any CPU
		{2A6BB059-A559-475E-B253-68B147A82A34}.Release|ARM.Build.0 = Release|Any CPU
		{2A6BB059-A559-475E-B253-68B147A82A34}.Release|iPhone.ActiveCfg = Release|Any CPU
		{2A6BB059-A559-475E-B253-68B147A82A34}.Release|iPhone.Build.0 = Release|Any CPU
		{2A6BB059-A559-475E-B253-68B147A82A34}.Release|iPhoneSimulator.ActiveCfg = Release|Any CPU
		{2A6BB059-A559-475E-B253-68B147A82A34}.Release|iPhoneSimulator.Build.0 = Release|Any CPU
		{2A6BB059-A559-475E-B253-68B147A82A34}.Release|x64.ActiveCfg = Release|Any CPU
		{2A6BB059-A559-475E-B253-68B147A82A34}.Release|x64.Build.0 = Release|Any CPU
		{2A6BB059-A559-475E-B253-68B147A82A34}.Release|x86.ActiveCfg = Release|Any CPU
		{2A6BB059-A559-475E-B253-68B147A82A34}.Release|x86.Build.0 = Release|Any CPU
		{7C4BE87F-DEDA-4FC2-8B7F-265109E4903E}.Ad-Hoc|Any CPU.ActiveCfg = Release|Any CPU
		{7C4BE87F-DEDA-4FC2-8B7F-265109E4903E}.Ad-Hoc|Any CPU.Build.0 = Release|Any CPU
		{7C4BE87F-DEDA-4FC2-8B7F-265109E4903E}.Ad-Hoc|ARM.ActiveCfg = Release|Any CPU
		{7C4BE87F-DEDA-4FC2-8B7F-265109E4903E}.Ad-Hoc|ARM.Build.0 = Release|Any CPU
		{7C4BE87F-DEDA-4FC2-8B7F-265109E4903E}.Ad-Hoc|iPhone.ActiveCfg = Release|Any CPU
		{7C4BE87F-DEDA-4FC2-8B7F-265109E4903E}.Ad-Hoc|iPhone.Build.0 = Release|Any CPU
		{7C4BE87F-DEDA-4FC2-8B7F-265109E4903E}.Ad-Hoc|iPhoneSimulator.ActiveCfg = Release|Any CPU
		{7C4BE87F-DEDA-4FC2-8B7F-265109E4903E}.Ad-Hoc|iPhoneSimulator.Build.0 = Release|Any CPU
		{7C4BE87F-DEDA-4FC2-8B7F-265109E4903E}.Ad-Hoc|x64.ActiveCfg = Release|Any CPU
		{7C4BE87F-DEDA-4FC2-8B7F-265109E4903E}.Ad-Hoc|x64.Build.0 = Release|Any CPU
		{7C4BE87F-DEDA-4FC2-8B7F-265109E4903E}.Ad-Hoc|x86.ActiveCfg = Release|Any CPU
		{7C4BE87F-DEDA-4FC2-8B7F-265109E4903E}.Ad-Hoc|x86.Build.0 = Release|Any CPU
		{7C4BE87F-DEDA-4FC2-8B7F-265109E4903E}.AppStore|Any CPU.ActiveCfg = Release|Any CPU
		{7C4BE87F-DEDA-4FC2-8B7F-265109E4903E}.AppStore|Any CPU.Build.0 = Release|Any CPU
		{7C4BE87F-DEDA-4FC2-8B7F-265109E4903E}.AppStore|ARM.ActiveCfg = Release|Any CPU
		{7C4BE87F-DEDA-4FC2-8B7F-265109E4903E}.AppStore|ARM.Build.0 = Release|Any CPU
		{7C4BE87F-DEDA-4FC2-8B7F-265109E4903E}.AppStore|iPhone.ActiveCfg = Release|Any CPU
		{7C4BE87F-DEDA-4FC2-8B7F-265109E4903E}.AppStore|iPhone.Build.0 = Release|Any CPU
		{7C4BE87F-DEDA-4FC2-8B7F-265109E4903E}.AppStore|iPhoneSimulator.ActiveCfg = Release|Any CPU
		{7C4BE87F-DEDA-4FC2-8B7F-265109E4903E}.AppStore|iPhoneSimulator.Build.0 = Release|Any CPU
		{7C4BE87F-DEDA-4FC2-8B7F-265109E4903E}.AppStore|x64.ActiveCfg = Release|Any CPU
		{7C4BE87F-DEDA-4FC2-8B7F-265109E4903E}.AppStore|x64.Build.0 = Release|Any CPU
		{7C4BE87F-DEDA-4FC2-8B7F-265109E4903E}.AppStore|x86.ActiveCfg = Release|Any CPU
		{7C4BE87F-DEDA-4FC2-8B7F-265109E4903E}.AppStore|x86.Build.0 = Release|Any CPU
		{7C4BE87F-DEDA-4FC2-8B7F-265109E4903E}.Debug|Any CPU.ActiveCfg = Debug|Any CPU
		{7C4BE87F-DEDA-4FC2-8B7F-265109E4903E}.Debug|Any CPU.Build.0 = Debug|Any CPU
		{7C4BE87F-DEDA-4FC2-8B7F-265109E4903E}.Debug|ARM.ActiveCfg = Debug|Any CPU
		{7C4BE87F-DEDA-4FC2-8B7F-265109E4903E}.Debug|ARM.Build.0 = Debug|Any CPU
		{7C4BE87F-DEDA-4FC2-8B7F-265109E4903E}.Debug|iPhone.ActiveCfg = Debug|Any CPU
		{7C4BE87F-DEDA-4FC2-8B7F-265109E4903E}.Debug|iPhone.Build.0 = Debug|Any CPU
		{7C4BE87F-DEDA-4FC2-8B7F-265109E4903E}.Debug|iPhoneSimulator.ActiveCfg = Debug|Any CPU
		{7C4BE87F-DEDA-4FC2-8B7F-265109E4903E}.Debug|iPhoneSimulator.Build.0 = Debug|Any CPU
		{7C4BE87F-DEDA-4FC2-8B7F-265109E4903E}.Debug|x64.ActiveCfg = Debug|Any CPU
		{7C4BE87F-DEDA-4FC2-8B7F-265109E4903E}.Debug|x64.Build.0 = Debug|Any CPU
		{7C4BE87F-DEDA-4FC2-8B7F-265109E4903E}.Debug|x86.ActiveCfg = Debug|Any CPU
		{7C4BE87F-DEDA-4FC2-8B7F-265109E4903E}.Debug|x86.Build.0 = Debug|Any CPU
		{7C4BE87F-DEDA-4FC2-8B7F-265109E4903E}.Release|Any CPU.ActiveCfg = Release|Any CPU
		{7C4BE87F-DEDA-4FC2-8B7F-265109E4903E}.Release|Any CPU.Build.0 = Release|Any CPU
		{7C4BE87F-DEDA-4FC2-8B7F-265109E4903E}.Release|ARM.ActiveCfg = Release|Any CPU
		{7C4BE87F-DEDA-4FC2-8B7F-265109E4903E}.Release|ARM.Build.0 = Release|Any CPU
		{7C4BE87F-DEDA-4FC2-8B7F-265109E4903E}.Release|iPhone.ActiveCfg = Release|Any CPU
		{7C4BE87F-DEDA-4FC2-8B7F-265109E4903E}.Release|iPhone.Build.0 = Release|Any CPU
		{7C4BE87F-DEDA-4FC2-8B7F-265109E4903E}.Release|iPhoneSimulator.ActiveCfg = Release|Any CPU
		{7C4BE87F-DEDA-4FC2-8B7F-265109E4903E}.Release|iPhoneSimulator.Build.0 = Release|Any CPU
		{7C4BE87F-DEDA-4FC2-8B7F-265109E4903E}.Release|x64.ActiveCfg = Release|Any CPU
		{7C4BE87F-DEDA-4FC2-8B7F-265109E4903E}.Release|x64.Build.0 = Release|Any CPU
		{7C4BE87F-DEDA-4FC2-8B7F-265109E4903E}.Release|x86.ActiveCfg = Release|Any CPU
		{7C4BE87F-DEDA-4FC2-8B7F-265109E4903E}.Release|x86.Build.0 = Release|Any CPU
	EndGlobalSection
	GlobalSection(SolutionProperties) = preSolution
		HideSolutionNode = FALSE
	EndGlobalSection
	GlobalSection(NestedProjects) = preSolution
		{CC5E3E89-05F3-4FD0-876B-AB385DEB8318} = {63AD91BB-2DA0-494C-A101-A15E33E759A2}
		{6753E63F-AF10-45CA-A562-EE791807F74C} = {0DA534AB-81DD-4C5E-ADF3-FDE60227E24F}
		{926C2C24-BEAF-4D1A-B0D2-5139AC203333} = {0DA534AB-81DD-4C5E-ADF3-FDE60227E24F}
		{FAAF83F4-6500-4F12-89ED-AF3B33800135} = {0DA534AB-81DD-4C5E-ADF3-FDE60227E24F}
		{A69802BC-EB81-40E7-A9EB-614F5EB8BE5E} = {0DA534AB-81DD-4C5E-ADF3-FDE60227E24F}
		{E72088FA-CAFF-40E2-8EA2-046FDCE413EE} = {0DA534AB-81DD-4C5E-ADF3-FDE60227E24F}
		{7391DB8F-4E66-4C89-83FA-090004F4DD91} = {63AD91BB-2DA0-494C-A101-A15E33E759A2}
		{D9ADD937-65A6-40E3-8864-DAA03C61D82E} = {31E5BD88-AE2C-411C-91D0-69706FBE514D}
		{53058C17-ACE3-4D60-945E-E1AE3BD8B4F6} = {63AD91BB-2DA0-494C-A101-A15E33E759A2}
		{25A3EB98-D6F4-46E6-A56D-001BBE3AA684} = {31E5BD88-AE2C-411C-91D0-69706FBE514D}
		{2A6BB059-A559-475E-B253-68B147A82A34} = {31E5BD88-AE2C-411C-91D0-69706FBE514D}
		{7C4BE87F-DEDA-4FC2-8B7F-265109E4903E} = {63AD91BB-2DA0-494C-A101-A15E33E759A2}
	EndGlobalSection
EndGlobal
